
Microsoft Visual Studio Solution File, Format Version 12.00
# Visual Studio Version 17
VisualStudioVersion = 17.5.002.0
MinimumVisualStudioVersion = 10.0.40219.1
Project("{9A19103F-16F7-4668-BE54-9A1E7A4F7556}") = "weatherApp", "weatherApp.csproj", "{4E957232-70E6-4F62-9890-75864188D588}"
EndProject
Global
	GlobalSection(SolutionConfigurationPlatforms) = preSolution
		Debug|Any CPU = Debug|Any CPU
		Release|Any CPU = Release|Any CPU
	EndGlobalSection
	GlobalSection(ProjectConfigurationPlatforms) = postSolution
		{4E957232-70E6-4F62-9890-75864188D588}.Debug|Any CPU.ActiveCfg = Debug|Any CPU
		{4E957232-70E6-4F62-9890-75864188D588}.Debug|Any CPU.Build.0 = Debug|Any CPU
		{4E957232-70E6-4F62-9890-75864188D588}.Release|Any CPU.ActiveCfg = Release|Any CPU
		{4E957232-70E6-4F62-9890-75864188D588}.Release|Any CPU.Build.0 = Release|Any CPU
	EndGlobalSection
	GlobalSection(SolutionProperties) = preSolution
		HideSolutionNode = FALSE
	EndGlobalSection
	GlobalSection(ExtensibilityGlobals) = postSolution
		SolutionGuid = {9D8390B2-1A58-469B-A7CD-E0A6DF16C381}
	EndGlobalSection
EndGlobal
